PODS:
  - Alamofire (1.3.1)
  - Bolts (1.4.0):
    - Bolts/AppLinks (= 1.4.0)
    - Bolts/Tasks (= 1.4.0)
  - Bolts/AppLinks (1.4.0):
    - Bolts/Tasks
  - Bolts/Tasks (1.4.0)
  - Box (1.2.2)
  - Braintree (3.9.3):
    - Braintree/API (= 3.9.3)
    - Braintree/Coinbase (= 3.9.3)
    - Braintree/Drop-In (= 3.9.3)
    - Braintree/Payments (= 3.9.3)
    - Braintree/PayPal (= 3.9.3)
    - Braintree/UI (= 3.9.3)
    - Braintree/Venmo (= 3.9.3)
  - Braintree/API (3.9.3)
  - Braintree/Coinbase (3.9.3):
    - Braintree/API
  - Braintree/Drop-In (3.9.3):
    - Braintree/API
    - Braintree/Coinbase
    - Braintree/Payments
    - Braintree/PayPal
    - Braintree/UI
    - Braintree/Venmo
  - Braintree/Payments (3.9.3):
    - Braintree/API
    - Braintree/Coinbase
    - Braintree/PayPal
    - Braintree/Venmo
  - Braintree/PayPal (3.9.3):
    - Braintree/API
    - Braintree/UI
  - Braintree/UI (3.9.3):
    - Braintree/API
  - Braintree/Venmo (3.9.3):
    - Braintree/API
  - BrightFutures (2.0.1):
    - Result (~> 0.4.3)
  - FBSDKCoreKit (4.7.0):
    - Bolts (~> 1.1)
    - FBSDKCoreKit/arc (= 4.7.0)
    - FBSDKCoreKit/no-arc (= 4.7.0)
  - FBSDKCoreKit/arc (4.7.0):
    - Bolts (~> 1.1)
  - FBSDKCoreKit/no-arc (4.7.0):
    - Bolts (~> 1.1)
    - FBSDKCoreKit/arc
  - FBSDKLoginKit (4.7.0.1):
    - FBSDKCoreKit
  - GoogleMaps (1.10.3)
  - HanekeSwift (0.9.1)
  - HMSegmentedControl (1.5.2)
  - ImagePickerSheetController (0.1.7)
  - JDStatusBarNotification (1.5.2)
  - JSQMessagesViewController (7.1.0):
    - JSQSystemSoundPlayer (~> 2.0.1)
  - JSQSystemSoundPlayer (2.0.1)
  - KeychainAccess (1.2.1)
  - KYDrawerController (1.0.3)
  - ObjectMapper (0.12)
  - PosInCore (0.0.1):
    - Alamofire (~> 1.3.1)
    - BrightFutures (~> 2.0.1)
    - ObjectMapper (= 0.12)
  - Result (0.4.4):
    - Box (~> 1.2)
  - UIImageEffects (0.0.1)
  - XLForm (3.0.2)

DEPENDENCIES:
  - Braintree (= 3.9.3)
  - FBSDKCoreKit
  - FBSDKLoginKit
  - GoogleMaps
  - HanekeSwift (~> 0.9.1)
  - HMSegmentedControl
  - ImagePickerSheetController (~> 0.1.7)
  - JDStatusBarNotification
  - JSQMessagesViewController (~> 7.1.0)
  - KeychainAccess (~> 1.2.1)
  - KYDrawerController (~> 1.0.3)
  - PosInCore (from `PosInCore`)
  - UIImageEffects
  - XLForm (~> 3.0.2)

EXTERNAL SOURCES:
  PosInCore:
    :path: PosInCore

SPEC CHECKSUMS:
  Alamofire: e4ab637e3195b645c814b87a652373439e59f2a4
  Bolts: 0e9bce58b9b9f5e8a7a4d47b16d2fabec289072b
  Box: a92e8aa4c099e6bc0733829665caf9e668ef53b8
  Braintree: 996027dcc8633569f2405bc57dca11f367050c60
  BrightFutures: 27704272a695324b42538a2d85b20ac3f24228bd
  FBSDKCoreKit: eb580bfc2040ad44f4c0b4f4d0befb1d35bce59c
  FBSDKLoginKit: 028c5a205990441123764609fe795e65027c447f
  GoogleMaps: 945e4ac3b74bcca3ddada51df256eb7beddb474d
  HanekeSwift: 50d37bfbc4432edc649167e538c259feccb4a2bb
  HMSegmentedControl: 83b9686022d2176fb6457d2bdb61e5d6393fed7d
  ImagePickerSheetController: 127cc7a5e8da7fa17d42aa4ba7509f72af9cd71f
  JDStatusBarNotification: a36d09ccbb047217572b074a61e7ca10dddc5f0a
  JSQMessagesViewController: ca11f86fa68ca70835f05e169df9244147c1dc40
  JSQSystemSoundPlayer: c5850e77a4363ffd374cd851154b9af93264ed8d
  KeychainAccess: 3d7922baf90762a976adb7f6030d74c1a4110a1d
  KYDrawerController: 114902057e9b9a2a0aa951e976151b285afa9c3e
  ObjectMapper: ef4a369cbab75546029ceb7e8155772b5f8e8841
  PosInCore: 965c6ba34512702a24e86c7f0411a3b634e29204
  Result: b44f6bc8762bbffaf2c5df58f2c7d12c3496ced8
  UIImageEffects: 37b99fa461e4965f332ca82e92f2c22a1075ee84
  XLForm: 7817ce29f3f259186e837bb7309ac7e5b7e9b883

COCOAPODS: 0.39.0
